
Microsoft Visual Studio Solution File, Format Version 12.00
# Visual Studio 14
VisualStudioVersion = 14.0.25420.1
MinimumVisualStudioVersion = 10.0.40219.1
Project("{FAE04EC0-301F-11D3-BF4B-00C04F79EFBC}") = "Tumbler.Addin.Test", "Tumbler.Addin.Test\Tumbler.Addin.Test.csproj", "{23678560-D166-4E30-BF15-3E94FFA9D8BD}"
EndProject
Project("{FAE04EC0-301F-11D3-BF4B-00C04F79EFBC}") = "Tumbler.Addin.Wpf.Test", "Tumbler.Addin.Wpf.Test\Tumbler.Addin.Wpf.Test.csproj", "{C60E5E04-8071-40FE-9574-6E106CCD3AF3}"
EndProject
Project("{FAE04EC0-301F-11D3-BF4B-00C04F79EFBC}") = "Tumbler.Addin.Core", "Tumbler.Addin.Core\Tumbler.Addin.Core.csproj", "{4B86F318-9368-4547-AE7E-BCAB48C35E62}"
EndProject
Project("{FAE04EC0-301F-11D3-BF4B-00C04F79EFBC}") = "Tumbler.Addin.TestA", "Tumbler.Addin.TestA\Tumbler.Addin.TestA.csproj", "{AA9CF1FD-A04D-4298-BEE3-C7557518A46E}"
EndProject
Project("{FAE04EC0-301F-11D3-BF4B-00C04F79EFBC}") = "Tumbler.Addin.TestB", "Tumbler.Addin.TestB\Tumbler.Addin.TestB.csproj", "{FA764723-46E4-4A4B-81B8-7CA4D0FE17E3}"
EndProject
Global
	GlobalSection(SolutionConfigurationPlatforms) = preSolution
		Debug|Any CPU = Debug|Any CPU
		Release|Any CPU = Release|Any CPU
	EndGlobalSection
	GlobalSection(ProjectConfigurationPlatforms) = postSolution
		{23678560-D166-4E30-BF15-3E94FFA9D8BD}.Debug|Any CPU.ActiveCfg = Debug|Any CPU
		{23678560-D166-4E30-BF15-3E94FFA9D8BD}.Debug|Any CPU.Build.0 = Debug|Any CPU
		{23678560-D166-4E30-BF15-3E94FFA9D8BD}.Release|Any CPU.ActiveCfg = Release|Any CPU
		{23678560-D166-4E30-BF15-3E94FFA9D8BD}.Release|Any CPU.Build.0 = Release|Any CPU
		{C60E5E04-8071-40FE-9574-6E106CCD3AF3}.Debug|Any CPU.ActiveCfg = Debug|Any CPU
		{C60E5E04-8071-40FE-9574-6E106CCD3AF3}.Debug|Any CPU.Build.0 = Debug|Any CPU
		{C60E5E04-8071-40FE-9574-6E106CCD3AF3}.Release|Any CPU.ActiveCfg = Release|Any CPU
		{C60E5E04-8071-40FE-9574-6E106CCD3AF3}.Release|Any CPU.Build.0 = Release|Any CPU
		{4B86F318-9368-4547-AE7E-BCAB48C35E62}.Debug|Any CPU.ActiveCfg = Debug|Any CPU
		{4B86F318-9368-4547-AE7E-BCAB48C35E62}.Debug|Any CPU.Build.0 = Debug|Any CPU
		{4B86F318-9368-4547-AE7E-BCAB48C35E62}.Release|Any CPU.ActiveCfg = Release|Any CPU
		{4B86F318-9368-4547-AE7E-BCAB48C35E62}.Release|Any CPU.Build.0 = Release|Any CPU
		{AA9CF1FD-A04D-4298-BEE3-C7557518A46E}.Debug|Any CPU.ActiveCfg = Debug|Any CPU
		{AA9CF1FD-A04D-4298-BEE3-C7557518A46E}.Debug|Any CPU.Build.0 = Debug|Any CPU
		{AA9CF1FD-A04D-4298-BEE3-C7557518A46E}.Release|Any CPU.ActiveCfg = Release|Any CPU
		{AA9CF1FD-A04D-4298-BEE3-C7557518A46E}.Release|Any CPU.Build.0 = Release|Any CPU
		{FA764723-46E4-4A4B-81B8-7CA4D0FE17E3}.Debug|Any CPU.ActiveCfg = Debug|Any CPU
		{FA764723-46E4-4A4B-81B8-7CA4D0FE17E3}.Debug|Any CPU.Build.0 = Debug|Any CPU
		{FA764723-46E4-4A4B-81B8-7CA4D0FE17E3}.Release|Any CPU.ActiveCfg = Release|Any CPU
		{FA764723-46E4-4A4B-81B8-7CA4D0FE17E3}.Release|Any CPU.Build.0 = Release|Any CPU
	EndGlobalSection
	GlobalSection(SolutionProperties) = preSolution
		HideSolutionNode = FALSE
	EndGlobalSection
EndGlobal
